{
    "_readme": [
        "This file locks the dependencies of your project to a known state",
        "Read more about it at https://getcomposer.org/doc/01-basic-usage.md#installing-dependencies",
        "This file is @generated automatically"
    ],
    "content-hash": "8754eb3cebf7024a1a01be243b9f1184",
    "packages": [
        {
            "name": "intervention/httpauth",
            "version": "3.0.1",
            "source": {
                "type": "git",
                "url": "https://github.com/Intervention/httpauth.git",
                "reference": "825202e88c0918f5249bd5af6ff1fb8ef6e3271e"
            },
            "dist": {
                "type": "zip",
                "url": "https://api.github.com/repos/Intervention/httpauth/zipball/825202e88c0918f5249bd5af6ff1fb8ef6e3271e",
                "reference": "825202e88c0918f5249bd5af6ff1fb8ef6e3271e",
                "shasum": ""
            },
            "require": {
                "php": "^7.2"
            },
            "require-dev": {
                "phpstan/phpstan": "^0.12.11",
                "phpunit/phpunit": "^8.0"
            },
            "type": "library",
            "extra": {
                "laravel": {
                    "providers": [
                        "Intervention\\HttpAuth\\Laravel\\HttpAuthServiceProvider"
                    ],
                    "aliases": {
                        "HttpAuth": "Intervention\\HttpAuth\\Laravel\\Facades\\HttpAuth"
                    }
                }
            },
            "autoload": {
                "psr-4": {
                    "Intervention\\HttpAuth\\": "src/"
                }
            },
            "notification-url": "https://packagist.org/downloads/",
            "license": [
                "MIT"
            ],
            "authors": [
                {
                    "name": "Oliver Vogel",
                    "email": "oliver@olivervogel.com",
                    "homepage": "https://olivervogel.com/"
                }
            ],
            "description": "HTTP authentication (Basic & Digest) including ServiceProviders for easy Laravel integration",
            "homepage": "https://github.com/Intervention/httpauth",
            "keywords": [
                "Authentication",
                "http",
                "laravel"
            ],
            "support": {
                "issues": "https://github.com/Intervention/httpauth/issues",
                "source": "https://github.com/Intervention/httpauth/tree/3.0.1"
            },
            "time": "2020-03-09T16:18:28+00:00"
        }
    ],
    "packages-dev": [],
    "aliases": [],
    "minimum-stability": "stable",
    "stability-flags": [],
    "prefer-stable": false,
    "prefer-lowest": false,
    "platform": [],
    "platform-dev": [],
    "plugin-api-version": "2.0.0"
}
